
Microsoft Visual Studio Solution File, Format Version 12.00
# Visual Studio Version 17
VisualStudioVersion = 17.6.33815.320
MinimumVisualStudioVersion = 10.0.40219.1
Project("{2150E333-8FDC-42A3-9474-1A3956D46DE8}") = "Solution Items", "Solution Items", "{4F580F59-F249-4C1B-A733-B1E3C56E44EE}"
	ProjectSection(SolutionItems) = preProject
		.editorconfig = .editorconfig
	EndProjectSection
EndProject
Project("{E53339B2-1760-4266-BCC7-CA923CBCF16C}") = "docker-compose", "docker-compose.dcproj", "{5CD26224-E28A-46D0-99F0-58CFD6897058}"
EndProject
Project("{2150E333-8FDC-42A3-9474-1A3956D46DE8}") = "src", "src", "{569369E1-9092-4EEC-AF12-8CD07690E63F}"
EndProject
Project("{2150E333-8FDC-42A3-9474-1A3956D46DE8}") = "test", "test", "{6BF37E42-4284-4CDF-8829-F65DFDCA67A5}"
EndProject
Project("{FAE04EC0-301F-11D3-BF4B-00C04F79EFBC}") = "Bookify.Api", "src\Bookify.Api\Bookify.Api.csproj", "{9977DED8-B511-4372-A409-D3056E783445}"
EndProject
Project("{FAE04EC0-301F-11D3-BF4B-00C04F79EFBC}") = "Bookify.Application", "src\Bookify.Application\Bookify.Application.csproj", "{0782EAB7-D88C-45F1-B349-4389C200FFE1}"
EndProject
Project("{FAE04EC0-301F-11D3-BF4B-00C04F79EFBC}") = "Bookify.Domain", "src\Bookify.Domain\Bookify.Domain.csproj", "{66686491-7FDE-474B-BE30-819EB85797A4}"
EndProject
Project("{FAE04EC0-301F-11D3-BF4B-00C04F79EFBC}") = "Bookify.Infrastructure", "src\Bookify.Infrastructure\Bookify.Infrastructure.csproj", "{7BDEB0CA-1FE7-4D2D-AA2D-FCE6560F87FF}"
EndProject
Project("{FAE04EC0-301F-11D3-BF4B-00C04F79EFBC}") = "Bookify.Application.IntegrationTests", "test\Bookify.Application.IntegrationTests\Bookify.Application.IntegrationTests.csproj", "{1BA61556-A049-4089-85CD-31C3E4EA9C19}"
EndProject
Project("{FAE04EC0-301F-11D3-BF4B-00C04F79EFBC}") = "Bookify.Application.UnitTests", "test\Bookify.Application.UnitTests\Bookify.Application.UnitTests.csproj", "{7D414AE7-43C4-42AB-9A46-58726E22500A}"
EndProject
Project("{FAE04EC0-301F-11D3-BF4B-00C04F79EFBC}") = "Bookify.Domain.UnitTests", "test\Bookify.Domain.UnitTests\Bookify.Domain.UnitTests.csproj", "{A4BFB97A-A785-4C08-AF46-D0B6BBEA9F4F}"
EndProject
Project("{FAE04EC0-301F-11D3-BF4B-00C04F79EFBC}") = "Bookify.Api.FunctionalTests", "test\Bookify.Api.FunctionalTests\Bookify.Api.FunctionalTests.csproj", "{13FB811C-8B94-4179-8231-520EBEF4CAF3}"
EndProject
Project("{FAE04EC0-301F-11D3-BF4B-00C04F79EFBC}") = "Bookify.ArchitectureTests", "test\Bookify.ArchitectureTests\Bookify.ArchitectureTests.csproj", "{F75CA4D1-D3D4-4569-A0C6-ED0E3195485C}"
EndProject
Project("{FAE04EC0-301F-11D3-BF4B-00C04F79EFBC}") = "SharedKernel", "src\SharedKernel\SharedKernel.csproj", "{DAF4373A-F27A-49A5-B734-7C436130EF12}"
EndProject
Global
	GlobalSection(SolutionConfigurationPlatforms) = preSolution
		Debug|Any CPU = Debug|Any CPU
		Release|Any CPU = Release|Any CPU
	EndGlobalSection
	GlobalSection(ProjectConfigurationPlatforms) = postSolution
		{5CD26224-E28A-46D0-99F0-58CFD6897058}.Debug|Any CPU.ActiveCfg = Debug|Any CPU
		{5CD26224-E28A-46D0-99F0-58CFD6897058}.Debug|Any CPU.Build.0 = Debug|Any CPU
		{5CD26224-E28A-46D0-99F0-58CFD6897058}.Release|Any CPU.ActiveCfg = Release|Any CPU
		{5CD26224-E28A-46D0-99F0-58CFD6897058}.Release|Any CPU.Build.0 = Release|Any CPU
		{9977DED8-B511-4372-A409-D3056E783445}.Debug|Any CPU.ActiveCfg = Debug|Any CPU
		{9977DED8-B511-4372-A409-D3056E783445}.Debug|Any CPU.Build.0 = Debug|Any CPU
		{9977DED8-B511-4372-A409-D3056E783445}.Release|Any CPU.ActiveCfg = Release|Any CPU
		{9977DED8-B511-4372-A409-D3056E783445}.Release|Any CPU.Build.0 = Release|Any CPU
		{0782EAB7-D88C-45F1-B349-4389C200FFE1}.Debug|Any CPU.ActiveCfg = Debug|Any CPU
		{0782EAB7-D88C-45F1-B349-4389C200FFE1}.Debug|Any CPU.Build.0 = Debug|Any CPU
		{0782EAB7-D88C-45F1-B349-4389C200FFE1}.Release|Any CPU.ActiveCfg = Release|Any CPU
		{0782EAB7-D88C-45F1-B349-4389C200FFE1}.Release|Any CPU.Build.0 = Release|Any CPU
		{66686491-7FDE-474B-BE30-819EB85797A4}.Debug|Any CPU.ActiveCfg = Debug|Any CPU
		{66686491-7FDE-474B-BE30-819EB85797A4}.Debug|Any CPU.Build.0 = Debug|Any CPU
		{66686491-7FDE-474B-BE30-819EB85797A4}.Release|Any CPU.ActiveCfg = Release|Any CPU
		{66686491-7FDE-474B-BE30-819EB85797A4}.Release|Any CPU.Build.0 = Release|Any CPU
		{7BDEB0CA-1FE7-4D2D-AA2D-FCE6560F87FF}.Debug|Any CPU.ActiveCfg = Debug|Any CPU
		{7BDEB0CA-1FE7-4D2D-AA2D-FCE6560F87FF}.Debug|Any CPU.Build.0 = Debug|Any CPU
		{7BDEB0CA-1FE7-4D2D-AA2D-FCE6560F87FF}.Release|Any CPU.ActiveCfg = Release|Any CPU
		{7BDEB0CA-1FE7-4D2D-AA2D-FCE6560F87FF}.Release|Any CPU.Build.0 = Release|Any CPU
		{1BA61556-A049-4089-85CD-31C3E4EA9C19}.Debug|Any CPU.ActiveCfg = Debug|Any CPU
		{1BA61556-A049-4089-85CD-31C3E4EA9C19}.Debug|Any CPU.Build.0 = Debug|Any CPU
		{1BA61556-A049-4089-85CD-31C3E4EA9C19}.Release|Any CPU.ActiveCfg = Release|Any CPU
		{1BA61556-A049-4089-85CD-31C3E4EA9C19}.Release|Any CPU.Build.0 = Release|Any CPU
		{7D414AE7-43C4-42AB-9A46-58726E22500A}.Debug|Any CPU.ActiveCfg = Debug|Any CPU
		{7D414AE7-43C4-42AB-9A46-58726E22500A}.Debug|Any CPU.Build.0 = Debug|Any CPU
		{7D414AE7-43C4-42AB-9A46-58726E22500A}.Release|Any CPU.ActiveCfg = Release|Any CPU
		{7D414AE7-43C4-42AB-9A46-58726E22500A}.Release|Any CPU.Build.0 = Release|Any CPU
		{A4BFB97A-A785-4C08-AF46-D0B6BBEA9F4F}.Debug|Any CPU.ActiveCfg = Debug|Any CPU
		{A4BFB97A-A785-4C08-AF46-D0B6BBEA9F4F}.Debug|Any CPU.Build.0 = Debug|Any CPU
		{A4BFB97A-A785-4C08-AF46-D0B6BBEA9F4F}.Release|Any CPU.ActiveCfg = Release|Any CPU
		{A4BFB97A-A785-4C08-AF46-D0B6BBEA9F4F}.Release|Any CPU.Build.0 = Release|Any CPU
		{13FB811C-8B94-4179-8231-520EBEF4CAF3}.Debug|Any CPU.ActiveCfg = Debug|Any CPU
		{13FB811C-8B94-4179-8231-520EBEF4CAF3}.Debug|Any CPU.Build.0 = Debug|Any CPU
		{13FB811C-8B94-4179-8231-520EBEF4CAF3}.Release|Any CPU.ActiveCfg = Release|Any CPU
		{13FB811C-8B94-4179-8231-520EBEF4CAF3}.Release|Any CPU.Build.0 = Release|Any CPU
		{F75CA4D1-D3D4-4569-A0C6-ED0E3195485C}.Debug|Any CPU.ActiveCfg = Debug|Any CPU
		{F75CA4D1-D3D4-4569-A0C6-ED0E3195485C}.Debug|Any CPU.Build.0 = Debug|Any CPU
		{F75CA4D1-D3D4-4569-A0C6-ED0E3195485C}.Release|Any CPU.ActiveCfg = Release|Any CPU
		{F75CA4D1-D3D4-4569-A0C6-ED0E3195485C}.Release|Any CPU.Build.0 = Release|Any CPU
		{DAF4373A-F27A-49A5-B734-7C436130EF12}.Debug|Any CPU.ActiveCfg = Debug|Any CPU
		{DAF4373A-F27A-49A5-B734-7C436130EF12}.Debug|Any CPU.Build.0 = Debug|Any CPU
		{DAF4373A-F27A-49A5-B734-7C436130EF12}.Release|Any CPU.ActiveCfg = Release|Any CPU
		{DAF4373A-F27A-49A5-B734-7C436130EF12}.Release|Any CPU.Build.0 = Release|Any CPU
	EndGlobalSection
	GlobalSection(SolutionProperties) = preSolution
		HideSolutionNode = FALSE
	EndGlobalSection
	GlobalSection(NestedProjects) = preSolution
		{9977DED8-B511-4372-A409-D3056E783445} = {569369E1-9092-4EEC-AF12-8CD07690E63F}
		{0782EAB7-D88C-45F1-B349-4389C200FFE1} = {569369E1-9092-4EEC-AF12-8CD07690E63F}
		{66686491-7FDE-474B-BE30-819EB85797A4} = {569369E1-9092-4EEC-AF12-8CD07690E63F}
		{7BDEB0CA-1FE7-4D2D-AA2D-FCE6560F87FF} = {569369E1-9092-4EEC-AF12-8CD07690E63F}
		{1BA61556-A049-4089-85CD-31C3E4EA9C19} = {6BF37E42-4284-4CDF-8829-F65DFDCA67A5}
		{7D414AE7-43C4-42AB-9A46-58726E22500A} = {6BF37E42-4284-4CDF-8829-F65DFDCA67A5}
		{A4BFB97A-A785-4C08-AF46-D0B6BBEA9F4F} = {6BF37E42-4284-4CDF-8829-F65DFDCA67A5}
		{13FB811C-8B94-4179-8231-520EBEF4CAF3} = {6BF37E42-4284-4CDF-8829-F65DFDCA67A5}
		{F75CA4D1-D3D4-4569-A0C6-ED0E3195485C} = {6BF37E42-4284-4CDF-8829-F65DFDCA67A5}
		{DAF4373A-F27A-49A5-B734-7C436130EF12} = {569369E1-9092-4EEC-AF12-8CD07690E63F}
	EndGlobalSection
	GlobalSection(ExtensibilityGlobals) = postSolution
		SolutionGuid = {7886086E-5FDE-4346-9331-C3CEE77E1E7A}
	EndGlobalSection
EndGlobal
